<?xml version="1.0" encoding="UTF-8" standalone="yes" ?>
<CodeBlocks_project_file>
	<FileVersion major="1" minor="6" />
	<Project>
		<Option title="trabalho_1" />
		<Option pch_mode="2" />
		<Option compiler="gcc" />
		<Build>
			<Target title="Release">
				<Option output="bin/Release/trabalho_1" prefix_auto="1" extension_auto="1" />
				<Option object_output="obj/Release/" />
				<Option type="1" />
				<Option compiler="gcc" />
				<Compiler>
					<Add option="-O2" />
				</Compiler>
				<Linker>
					<Add option="-s" />
				</Linker>
			</Target>
		</Build>
		<Compiler>
			<Add option="-Wall" />
			<Add option="-fexceptions" />
		</Compiler>
		<Unit filename="classe.cpp" />
		<Unit filename="classe.hpp" />
		<Unit filename="classe_teste.cpp" />
		<Unit filename="classe_teste.hpp" />
		<Unit filename="codigo.cpp" />
		<Unit filename="codigo.hpp" />
		<Unit filename="codigo_teste.cpp" />
		<Unit filename="codigo_teste.hpp" />
		<Unit filename="descricao.cpp" />
		<Unit filename="descricao.hpp" />
		<Unit filename="descricao_teste.cpp" />
		<Unit filename="descricao_teste.hpp" />
		<Unit filename="endereco.cpp" />
		<Unit filename="endereco.hpp" />
		<Unit filename="endereco_teste.cpp" />
		<Unit filename="endereco_teste.hpp" />
		<Unit filename="main.cpp" />
		<Unit filename="moeda.cpp" />
		<Unit filename="moeda.hpp" />
		<Unit filename="moeda_teste.cpp" />
		<Unit filename="moeda_teste.hpp" />
		<Unit filename="numero.cpp" />
		<Unit filename="numero.hpp" />
		<Unit filename="numero_teste.cpp" />
		<Unit filename="numero_teste.hpp" />
		<Unit filename="nome.cpp" />
		<Unit filename="nome.hpp" />
		<Unit filename="nome_teste.cpp" />
		<Unit filename="nome_teste.hpp" />
		<Unit filename="senha.cpp" />
		<Unit filename="senha.hpp" />
		<Unit filename="senha_teste.cpp" />
		<Unit filename="senha_teste.hpp" />
		<Unit filename="data.cpp" />
		<Unit filename="data.hpp" />
		<Unit filename="data_teste.cpp" />
		<Unit filename="data_teste.hpp" />
		<Unit filename="telefone.cpp" />
		<Unit filename="telefone.hpp" />
		<Unit filename="telefone_teste.cpp" />
		<Unit filename="telefone_teste.hpp" />
		<Unit filename="email.cpp" />
		<Unit filename="email.hpp" />
		<Unit filename="email_teste.cpp" />
		<Unit filename="email_teste.hpp" />
		<Unit filename="entidade_proposta.cpp" />
		<Unit filename="entidade_proposta.hpp" />
		<Unit filename="entidade_proposta_teste.cpp" />
		<Unit filename="entidade_proposta_teste.hpp" />
		<Unit filename="entidade_usuario.cpp" />
		<Unit filename="entidade_usuario.hpp" />
		<Unit filename="entidade_usuario_teste.cpp" />
		<Unit filename="entidade_usuario_teste.hpp" />
		<Unit filename="entidade_imovel.cpp" />
		<Unit filename="entidade_imovel.hpp" />
		<Unit filename="entidade_imovel_teste.cpp" />
		<Unit filename="entidade_imovel_teste.hpp" />
		<Extensions>
			<lib_finder disable_auto="1" />
		</Extensions>
	</Project>
</CodeBlocks_project_file>

